
Microsoft Visual Studio Solution File, Format Version 12.00
# Visual Studio Version 16
VisualStudioVersion = 25.0.1706.9
MinimumVisualStudioVersion = 10.0.40219.1
Project("{FAE04EC0-301F-11D3-BF4B-00C04F79EFBC}") = "consoleApp", "consoleApp\consoleApp.csproj", "{19A388A6-BF47-48E3-85ED-1B057B4A5835}"
EndProject
Global
	GlobalSection(SolutionConfigurationPlatforms) = preSolution
		Debug|Any CPU = Debug|Any CPU
		Release|Any CPU = Release|Any CPU
	EndGlobalSection
	GlobalSection(ProjectConfigurationPlatforms) = postSolution
		{19A388A6-BF47-48E3-85ED-1B057B4A5835}.Debug|Any CPU.ActiveCfg = Debug|Any CPU
		{19A388A6-BF47-48E3-85ED-1B057B4A5835}.Debug|Any CPU.Build.0 = Debug|Any CPU
		{19A388A6-BF47-48E3-85ED-1B057B4A5835}.Release|Any CPU.ActiveCfg = Release|Any CPU
		{19A388A6-BF47-48E3-85ED-1B057B4A5835}.Release|Any CPU.Build.0 = Release|Any CPU
	EndGlobalSection
	GlobalSection(SolutionProperties) = preSolution
		HideSolutionNode = FALSE
	EndGlobalSection
	GlobalSection(ExtensibilityGlobals) = postSolution
		SolutionGuid = {C140FD33-5F89-4454-8D13-6CD7788BECB8}
	EndGlobalSection
EndGlobal
